{
    "_meta": {
        "hash": {
            "sha256": "de38737d170fadc82485bcf08c909f9f8db11768c53073ce92e5728793a18f57"
        },
        "pipfile-spec": 6,
        "requires": {
            "python_version": "3.12"
        },
        "sources": [
            {
                "name": "pypi",
                "url": "https://pypi.org/simple",
                "verify_ssl": true
            }
        ]
    },
    "default": {
        "pytermgui": {
            "hashes": [
                "sha256:030458be5c3cbeaab17fb9aa3d19e6232be4ce4a3f54418fe13bb97fdef446db",
                "sha256:d09d2bd77164191bd60e0286414f66ca660ef6f6636f1f0f5f55dc3d3dbc6105"
            ],
            "index": "pypi",
            "markers": "python_version >= '3.8'",
            "version": "==7.7.1"
        },
        "typing-extensions": {
            "hashes": [
                "sha256:8cbcdc8606ebcb0d95453ad7dc5065e6237b6aa230a31e81d0f440c30fed5fd8",
                "sha256:b349c66bea9016ac22978d800cfff206d5f9816951f12a7d0ec5578b0a819594"
            ],
            "markers": "python_version >= '3.8'",
            "version": "==4.12.0"
        },
        "wcwidth": {
            "hashes": [
                "sha256:3da69048e4540d84af32131829ff948f1e022c1c6bdb8d6102117aac784f6859",
                "sha256:72ea0c06399eb286d978fdedb6923a9eb47e1c486ce63e9b4e64fc18303972b5"
            ],
            "version": "==0.2.13"
        }
    },
    "develop": {}
}
